
Microsoft Visual Studio Solution File, Format Version 12.00
# Visual Studio Version 17
VisualStudioVersion = 17.0.32014.148
MinimumVisualStudioVersion = 10.0.40219.1
Project("{9A19103F-16F7-4668-BE54-9A1E7A4F7556}") = "blog", "blog.csproj", "{AAB975C2-37C4-4B3E-ACBE-78F445E522FD}"
EndProject
Global
	GlobalSection(SolutionConfigurationPlatforms) = preSolution
		Debug|Any CPU = Debug|Any CPU
		Release|Any CPU = Release|Any CPU
	EndGlobalSection
	GlobalSection(ProjectConfigurationPlatforms) = postSolution
		{AAB975C2-37C4-4B3E-ACBE-78F445E522FD}.Debug|Any CPU.ActiveCfg = Debug|Any CPU
		{AAB975C2-37C4-4B3E-ACBE-78F445E522FD}.Debug|Any CPU.Build.0 = Debug|Any CPU
		{AAB975C2-37C4-4B3E-ACBE-78F445E522FD}.Release|Any CPU.ActiveCfg = Release|Any CPU
		{AAB975C2-37C4-4B3E-ACBE-78F445E522FD}.Release|Any CPU.Build.0 = Release|Any CPU
	EndGlobalSection
	GlobalSection(SolutionProperties) = preSolution
		HideSolutionNode = FALSE
	EndGlobalSection
	GlobalSection(ExtensibilityGlobals) = postSolution
		SolutionGuid = {9BDE893A-D359-4E02-BDE4-E80D9C816258}
	EndGlobalSection
EndGlobal
